// !$*UTF8*$!
{
	archiveVersion = 1;
	classes = {
	};
	objectVersion = 50;
	objects = {

/* Begin PBXBuildFile section */
		F3A2109C2701031300883F65 /* AppDelegate.swift in Sources */ = {isa = PBXBuildFile; fileRef = F3A2109B2701031300883F65 /* AppDelegate.swift */; };
		F3A2109E2701031300883F65 /* SceneDelegate.swift in Sources */ = {isa = PBXBuildFile; fileRef = F3A2109D2701031300883F65 /* SceneDelegate.swift */; };
		F3A210A02701031300883F65 /* ViewController.swift in Sources */ = {isa = PBXBuildFile; fileRef = F3A2109F2701031300883F65 /* ViewController.swift */; };
		F3A210A32701031300883F65 /* Main.storyboard in Resources */ = {isa = PBXBuildFile; fileRef = F3A210A12701031300883F65 /* Main.storyboard */; };
		F3A210A52701031400883F65 /* Assets.xcassets in Resources */ = {isa = PBXBuildFile; fileRef = F3A210A42701031400883F65 /* Assets.xcassets */; };
		F3A210A82701031400883F65 /* LaunchScreen.storyboard in Resources */ = {isa = PBXBuildFile; fileRef = F3A210A62701031400883F65 /* LaunchScreen.storyboard */; };
		F3A210B0270103E400883F65 /* ExpansionViewController.swift in Sources */ = {isa = PBXBuildFile; fileRef = F3A210AF270103E400883F65 /* ExpansionViewController.swift */; };
		F3A210CA2701E5B400883F65 /* melon.jpg in Resources */ = {isa = PBXBuildFile; fileRef = F3A210C62701E5B400883F65 /* melon.jpg */; };
		F3A210CB2701E5B400883F65 /* apple.jpg in Resources */ = {isa = PBXBuildFile; fileRef = F3A210C72701E5B400883F65 /* apple.jpg */; };
		F3A210CC2701E5B400883F65 /* lemon.jpg in Resources */ = {isa = PBXBuildFile; fileRef = F3A210C82701E5B400883F65 /* lemon.jpg */; };
		F3A210CD2701E5B400883F65 /* strawberry.jpg in Resources */ = {isa = PBXBuildFile; fileRef = F3A210C92701E5B400883F65 /* strawberry.jpg */; };
/* End PBXBuildFile section */

/* Begin PBXFileReference section */
		F3A210982701031300883F65 /* SlideshowApp.app */ = {isa = PBXFileReference; explicitFileType = wrapper.application; includeInIndex = 0; path = SlideshowApp.app; sourceTree = BUILT_PRODUCTS_DIR; };
		F3A2109B2701031300883F65 /* AppDelegate.swift */ = {isa = PBXFileReference; lastKnownFileType = sourcecode.swift; path = AppDelegate.swift; sourceTree = "<group>"; };
		F3A2109D2701031300883F65 /* SceneDelegate.swift */ = {isa = PBXFileReference; lastKnownFileType = sourcecode.swift; path = SceneDelegate.swift; sourceTree = "<group>"; };
		F3A2109F2701031300883F65 /* ViewController.swift */ = {isa = PBXFileReference; lastKnownFileType = sourcecode.swift; path = ViewController.swift; sourceTree = "<group>"; };
		F3A210A22701031300883F65 /* Base */ = {isa = PBXFileReference; lastKnownFileType = file.storyboard; name = Base; path = Base.lproj/Main.storyboard; sourceTree = "<group>"; };
		F3A210A42701031400883F65 /* Assets.xcassets */ = {isa = PBXFileReference; lastKnownFileType = folder.assetcatalog; path = Assets.xcassets; sourceTree = "<group>"; };
		F3A210A72701031400883F65 /* Base */ = {isa = PBXFileReference; lastKnownFileType = file.storyboard; name = Base; path = Base.lproj/LaunchScreen.storyboard; sourceTree = "<group>"; };
		F3A210A92701031400883F65 /* Info.plist */ = {isa = PBXFileReference; lastKnownFileType = text.plist.xml; path = Info.plist; sourceTree = "<group>"; };
		F3A210AF270103E400883F65 /* ExpansionViewController.swift */ = {isa = PBXFileReference; lastKnownFileType = sourcecode.swift; path = ExpansionViewController.swift; sourceTree = "<group>"; };
		F3A210C62701E5B400883F65 /* melon.jpg */ = {isa = PBXFileReference; lastKnownFileType = image.jpeg; path = melon.jpg; sourceTree = "<group>"; };
		F3A210C72701E5B400883F65 /* apple.jpg */ = {isa = PBXFileReference; lastKnownFileType = image.jpeg; path = apple.jpg; sourceTree = "<group>"; };
		F3A210C82701E5B400883F65 /* lemon.jpg */ = {isa = PBXFileReference; lastKnownFileType = image.jpeg; path = lemon.jpg; sourceTree = "<group>"; };
		F3A210C92701E5B400883F65 /* strawberry.jpg */ = {isa = PBXFileReference; lastKnownFileType = image.jpeg; path = strawberry.jpg; sourceTree = "<group>"; };
/* End PBXFileReference section */

/* Begin PBXFrameworksBuildPhase section */
		F3A210952701031300883F65 /* Frameworks */ = {
			isa = PBXFrameworksBuildPhase;
			buildActionMask = 2147483647;
			files = (
			);
			runOnlyForDeploymentPostprocessing = 0;
		};
/* End PBXFrameworksBuildPhase section */

/* Begin PBXGroup section */
		F3A2108F2701031200883F65 = {
			isa = PBXGroup;
			children = (
				F3A2109A2701031300883F65 /* SlideshowApp */,
				F3A210992701031300883F65 /* Products */,
			);
			sourceTree = "<group>";
		};
		F3A210992701031300883F65 /* Products */ = {
			isa = PBXGroup;
			children = (
				F3A210982701031300883F65 /* SlideshowApp.app */,
			);
			name = Products;
			sourceTree = "<group>";
		};
		F3A2109A2701031300883F65 /* SlideshowApp */ = {
			isa = PBXGroup;
			children = (
				F3A210C52701E56A00883F65 /* Images */,
				F3A2109B2701031300883F65 /* AppDelegate.swift */,
				F3A2109D2701031300883F65 /* SceneDelegate.swift */,
				F3A2109F2701031300883F65 /* ViewController.swift */,
				F3A210AF270103E400883F65 /* ExpansionViewController.swift */,
				F3A210A12701031300883F65 /* Main.storyboard */,
				F3A210A42701031400883F65 /* Assets.xcassets */,
				F3A210A62701031400883F65 /* LaunchScreen.storyboard */,
				F3A210A92701031400883F65 /* Info.plist */,
			);
			path = SlideshowApp;
			sourceTree = "<group>";
		};
		F3A210C52701E56A00883F65 /* Images */ = {
			isa = PBXGroup;
			children = (
				F3A210C72701E5B400883F65 /* apple.jpg */,
				F3A210C82701E5B400883F65 /* lemon.jpg */,
				F3A210C62701E5B400883F65 /* melon.jpg */,
				F3A210C92701E5B400883F65 /* strawberry.jpg */,
			);
			path = Images;
			sourceTree = "<group>";
		};
/* End PBXGroup section */

/* Begin PBXNativeTarget section */
		F3A210972701031300883F65 /* SlideshowApp */ = {
			isa = PBXNativeTarget;
			buildConfigurationList = F3A210AC2701031400883F65 /* Build configuration list for PBXNativeTarget "SlideshowApp" */;
			buildPhases = (
				F3A210942701031300883F65 /* Sources */,
				F3A210952701031300883F65 /* Frameworks */,
				F3A210962701031300883F65 /* Resources */,
			);
			buildRules = (
			);
			dependencies = (
			);
			name = SlideshowApp;
			productName = SlideshowApp;
			productReference = F3A210982701031300883F65 /* SlideshowApp.app */;
			productType = "com.apple.product-type.application";
		};
/* End PBXNativeTarget section */

/* Begin PBXProject section */
		F3A210902701031200883F65 /* Project object */ = {
			isa = PBXProject;
			attributes = {
				LastSwiftUpdateCheck = 1250;
				LastUpgradeCheck = 1250;
				TargetAttributes = {
					F3A210972701031300883F65 = {
						CreatedOnToolsVersion = 12.5.1;
					};
				};
			};
			buildConfigurationList = F3A210932701031200883F65 /* Build configuration list for PBXProject "SlideshowApp" */;
			compatibilityVersion = "Xcode 9.3";
			developmentRegion = en;
			hasScannedForEncodings = 0;
			knownRegions = (
				en,
				Base,
			);
			mainGroup = F3A2108F2701031200883F65;
			productRefGroup = F3A210992701031300883F65 /* Products */;
			projectDirPath = "";
			projectRoot = "";
			targets = (
				F3A210972701031300883F65 /* SlideshowApp */,
			);
		};
/* End PBXProject section */

/* Begin PBXResourcesBuildPhase section */
		F3A210962701031300883F65 /* Resources */ = {
			isa = PBXResourcesBuildPhase;
			buildActionMask = 2147483647;
			files = (
				F3A210A82701031400883F65 /* LaunchScreen.storyboard in Resources */,
				F3A210A52701031400883F65 /* Assets.xcassets in Resources */,
				F3A210CD2701E5B400883F65 /* strawberry.jpg in Resources */,
				F3A210A32701031300883F65 /* Main.storyboard in Resources */,
				F3A210CA2701E5B400883F65 /* melon.jpg in Resources */,
				F3A210CB2701E5B400883F65 /* apple.jpg in Resources */,
				F3A210CC2701E5B400883F65 /* lemon.jpg in Resources */,
			);
			runOnlyForDeploymentPostprocessing = 0;
		};
/* End PBXResourcesBuildPhase section */

/* Begin PBXSourcesBuildPhase section */
		F3A210942701031300883F65 /* Sources */ = {
			isa = PBXSourcesBuildPhase;
			buildActionMask = 2147483647;
			files = (
				F3A210B0270103E400883F65 /* ExpansionViewController.swift in Sources */,
				F3A210A02701031300883F65 /* ViewController.swift in Sources */,
				F3A2109C2701031300883F65 /* AppDelegate.swift in Sources */,
				F3A2109E2701031300883F65 /* SceneDelegate.swift in Sources */,
			);
			runOnlyForDeploymentPostprocessing = 0;
		};
/* End PBXSourcesBuildPhase section */

/* Begin PBXVariantGroup section */
		F3A210A12701031300883F65 /* Main.storyboard */ = {
			isa = PBXVariantGroup;
			children = (
				F3A210A22701031300883F65 /* Base */,
			);
			name = Main.storyboard;
			sourceTree = "<group>";
		};
		F3A210A62701031400883F65 /* LaunchScreen.storyboard */ = {
			isa = PBXVariantGroup;
			children = (
				F3A210A72701031400883F65 /* Base */,
			);
			name = LaunchScreen.storyboard;
			sourceTree = "<group>";
		};
/* End PBXVariantGroup section */

/* Begin XCBuildConfiguration section */
		F3A210AA2701031400883F65 /* Debug */ = {
			isa = XCBuildConfiguration;
			buildSettings = {
				ALWAYS_SEARCH_USER_PATHS = NO;
				CLANG_ANALYZER_NONNULL = YES;
				CLANG_ANALYZER_NUMBER_OBJECT_CONVERSION = YES_AGGRESSIVE;
				CLANG_CXX_LANGUAGE_STANDARD = "gnu++14";
				CLANG_CXX_LIBRARY = "libc++";
				CLANG_ENABLE_MODULES = YES;
				CLANG_ENABLE_OBJC_ARC = YES;
				CLANG_ENABLE_OBJC_WEAK = YES;
				CLANG_WARN_BLOCK_CAPTURE_AUTORELEASING = YES;
				CLANG_WARN_BOOL_CONVERSION = YES;
				CLANG_WARN_COMMA = YES;
				CLANG_WARN_CONSTANT_CONVERSION = YES;
				CLANG_WARN_DEPRECATED_OBJC_IMPLEMENTATIONS = YES;
				CLANG_WARN_DIRECT_OBJC_ISA_USAGE = YES_ERROR;
				CLANG_WARN_DOCUMENTATION_COMMENTS = YES;
				CLANG_WARN_EMPTY_BODY = YES;
				CLANG_WARN_ENUM_CONVERSION = YES;
				CLANG_WARN_INFINITE_RECURSION = YES;
				CLANG_WARN_INT_CONVERSION = YES;
				CLANG_WARN_NON_LITERAL_NULL_CONVERSION = YES;
				CLANG_WARN_OBJC_IMPLICIT_RETAIN_SELF = YES;
				CLANG_WARN_OBJC_LITERAL_CONVERSION = YES;
				CLANG_WARN_OBJC_ROOT_CLASS = YES_ERROR;
				CLANG_WARN_QUOTED_INCLUDE_IN_FRAMEWORK_HEADER = YES;
				CLANG_WARN_RANGE_LOOP_ANALYSIS = YES;
				CLANG_WARN_STRICT_PROTOTYPES = YES;
				CLANG_WARN_SUSPICIOUS_MOVE = YES;
				CLANG_WARN_UNGUARDED_AVAILABILITY = YES_AGGRESSIVE;
				CLANG_WARN_UNREACHABLE_CODE = YES;
				CLANG_WARN__DUPLICATE_METHOD_MATCH = YES;
				COPY_PHASE_STRIP = NO;
				DEBUG_INFORMATION_FORMAT = dwarf;
				ENABLE_STRICT_OBJC_MSGSEND = YES;
				ENABLE_TESTABILITY = YES;
				GCC_C_LANGUAGE_STANDARD = gnu11;
				GCC_DYNAMIC_NO_PIC = NO;
				GCC_NO_COMMON_BLOCKS = YES;
				GCC_OPTIMIZATION_LEVEL = 0;
				GCC_PREPROCESSOR_DEFINITIONS = (
					"DEBUG=1",
					"$(inherited)",
				);
				GCC_WARN_64_TO_32_BIT_CONVERSION = YES;
				GCC_WARN_ABOUT_RETURN_TYPE = YES_ERROR;
				GCC_WARN_UNDECLARED_SELECTOR = YES;
				GCC_WARN_UNINITIALIZED_AUTOS = YES_AGGRESSIVE;
				GCC_WARN_UNUSED_FUNCTION = YES;
				GCC_WARN_UNUSED_VARIABLE = YES;
				IPHONEOS_DEPLOYMENT_TARGET = 14.5;
				MTL_ENABLE_DEBUG_INFO = INCLUDE_SOURCE;
				MTL_FAST_MATH = YES;
				ONLY_ACTIVE_ARCH = YES;
				SDKROOT = iphoneos;
				SWIFT_ACTIVE_COMPILATION_CONDITIONS = DEBUG;
				SWIFT_OPTIMIZATION_LEVEL = "-Onone";
			};
			name = Debug;
		};
		F3A210AB2701031400883F65 /* Release */ = {
			isa = XCBuildConfiguration;
			buildSettings = {
				ALWAYS_SEARCH_USER_PATHS = NO;
				CLANG_ANALYZER_NONNULL = YES;
				CLANG_ANALYZER_NUMBER_OBJECT_CONVERSION = YES_AGGRESSIVE;
				CLANG_CXX_LANGUAGE_STANDARD = "gnu++14";
				CLANG_CXX_LIBRARY = "libc++";
				CLANG_ENABLE_MODULES = YES;
				CLANG_ENABLE_OBJC_ARC = YES;
				CLANG_ENABLE_OBJC_WEAK = YES;
				CLANG_WARN_BLOCK_CAPTURE_AUTORELEASING = YES;
				CLANG_WARN_BOOL_CONVERSION = YES;
				CLANG_WARN_COMMA = YES;
				CLANG_WARN_CONSTANT_CONVERSION = YES;
				CLANG_WARN_DEPRECATED_OBJC_IMPLEMENTATIONS = YES;
				CLANG_WARN_DIRECT_OBJC_ISA_USAGE = YES_ERROR;
				CLANG_WARN_DOCUMENTATION_COMMENTS = YES;
				CLANG_WARN_EMPTY_BODY = YES;
				CLANG_WARN_ENUM_CONVERSION = YES;
				CLANG_WARN_INFINITE_RECURSION = YES;
				CLANG_WARN_INT_CONVERSION = YES;
				CLANG_WARN_NON_LITERAL_NULL_CONVERSION = YES;
				CLANG_WARN_OBJC_IMPLICIT_RETAIN_SELF = YES;
				CLANG_WARN_OBJC_LITERAL_CONVERSION = YES;
				CLANG_WARN_OBJC_ROOT_CLASS = YES_ERROR;
				CLANG_WARN_QUOTED_INCLUDE_IN_FRAMEWORK_HEADER = YES;
				CLANG_WARN_RANGE_LOOP_ANALYSIS = YES;
				CLANG_WARN_STRICT_PROTOTYPES = YES;
				CLANG_WARN_SUSPICIOUS_MOVE = YES;
				CLANG_WARN_UNGUARDED_AVAILABILITY = YES_AGGRESSIVE;
				CLANG_WARN_UNREACHABLE_CODE = YES;
				CLANG_WARN__DUPLICATE_METHOD_MATCH = YES;
				COPY_PHASE_STRIP = NO;
				DEBUG_INFORMATION_FORMAT = "dwarf-with-dsym";
				ENABLE_NS_ASSERTIONS = NO;
				ENABLE_STRICT_OBJC_MSGSEND = YES;
				GCC_C_LANGUAGE_STANDARD = gnu11;
				GCC_NO_COMMON_BLOCKS = YES;
				GCC_WARN_64_TO_32_BIT_CONVERSION = YES;
				GCC_WARN_ABOUT_RETURN_TYPE = YES_ERROR;
				GCC_WARN_UNDECLARED_SELECTOR = YES;
				GCC_WARN_UNINITIALIZED_AUTOS = YES_AGGRESSIVE;
				GCC_WARN_UNUSED_FUNCTION = YES;
				GCC_WARN_UNUSED_VARIABLE = YES;
				IPHONEOS_DEPLOYMENT_TARGET = 14.5;
				MTL_ENABLE_DEBUG_INFO = NO;
				MTL_FAST_MATH = YES;
				SDKROOT = iphoneos;
				SWIFT_COMPILATION_MODE = wholemodule;
				SWIFT_OPTIMIZATION_LEVEL = "-O";
				VALIDATE_PRODUCT = YES;
			};
			name = Release;
		};
		F3A210AD2701031400883F65 /* Debug */ = {
			isa = XCBuildConfiguration;
			buildSettings = {
				ASSETCATALOG_COMPILER_APPICON_NAME = AppIcon;
				ASSETCATALOG_COMPILER_GLOBAL_ACCENT_COLOR_NAME = AccentColor;
				CODE_SIGN_STYLE = Automatic;
				DEVELOPMENT_TEAM = 9ZW6692U86;
				INFOPLIST_FILE = SlideshowApp/Info.plist;
				LD_RUNPATH_SEARCH_PATHS = (
					"$(inherited)",
					"@executable_path/Frameworks",
				);
				PRODUCT_BUNDLE_IDENTIFIER = jp.techacademy.rakuma.hirokawa.SlideshowApp;
				PRODUCT_NAME = "$(TARGET_NAME)";
				SWIFT_VERSION = 5.0;
				TARGETED_DEVICE_FAMILY = "1,2";
			};
			name = Debug;
		};
		F3A210AE2701031400883F65 /* Release */ = {
			isa = XCBuildConfiguration;
			buildSettings = {
				ASSETCATALOG_COMPILER_APPICON_NAME = AppIcon;
				ASSETCATALOG_COMPILER_GLOBAL_ACCENT_COLOR_NAME = AccentColor;
				CODE_SIGN_STYLE = Automatic;
				DEVELOPMENT_TEAM = 9ZW6692U86;
				INFOPLIST_FILE = SlideshowApp/Info.plist;
				LD_RUNPATH_SEARCH_PATHS = (
					"$(inherited)",
					"@executable_path/Frameworks",
				);
				PRODUCT_BUNDLE_IDENTIFIER = jp.techacademy.rakuma.hirokawa.SlideshowApp;
				PRODUCT_NAME = "$(TARGET_NAME)";
				SWIFT_VERSION = 5.0;
				TARGETED_DEVICE_FAMILY = "1,2";
			};
			name = Release;
		};
/* End XCBuildConfiguration section */

/* Begin XCConfigurationList section */
		F3A210932701031200883F65 /* Build configuration list for PBXProject "SlideshowApp" */ = {
			isa = XCConfigurationList;
			buildConfigurations = (
				F3A210AA2701031400883F65 /* Debug */,
				F3A210AB2701031400883F65 /* Release */,
			);
			defaultConfigurationIsVisible = 0;
			defaultConfigurationName = Release;
		};
		F3A210AC2701031400883F65 /* Build configuration list for PBXNativeTarget "SlideshowApp" */ = {
			isa = XCConfigurationList;
			buildConfigurations = (
				F3A210AD2701031400883F65 /* Debug */,
				F3A210AE2701031400883F65 /* Release */,
			);
			defaultConfigurationIsVisible = 0;
			defaultConfigurationName = Release;
		};
/* End XCConfigurationList section */
	};
	rootObject = F3A210902701031200883F65 /* Project object */;
}
